
Microsoft Visual Studio Solution File, Format Version 12.00
# Visual Studio Version 16
VisualStudioVersion = 16.0.31410.357
MinimumVisualStudioVersion = 10.0.40219.1
Project("{FAE04EC0-301F-11D3-BF4B-00C04F79EFBC}") = "SchoolSystem.Api", "SchoolSystemApi\SchoolSystem.Api.csproj", "{F022B78D-FA0C-4B52-842B-F04302F0FD8C}"
EndProject
Project("{FAE04EC0-301F-11D3-BF4B-00C04F79EFBC}") = "SchoolSystem.Business", "SchoolSystem.Business\SchoolSystem.Business.csproj", "{C9406CDA-3B24-47B0-86FC-B9F2E598ECAF}"
EndProject
Project("{FAE04EC0-301F-11D3-BF4B-00C04F79EFBC}") = "SchoolSystem.Repository", "SchoolSystem.Repository\SchoolSystem.Repository.csproj", "{E58DA8D1-51F4-4C7A-A3A7-9920AB608132}"
EndProject
Project("{FAE04EC0-301F-11D3-BF4B-00C04F79EFBC}") = "SchoolSystem.Tests", "SchoolSystem.Tests\SchoolSystem.Tests.csproj", "{5426B8FD-8983-4735-A935-93C755CD715B}"
EndProject
Project("{FAE04EC0-301F-11D3-BF4B-00C04F79EFBC}") = "StudentSystem.Abstractions", "StudentSystem.Abstractions\StudentSystem.Abstractions.csproj", "{64A2FD0E-3C3D-4D22-9395-0DFEFCE00A9A}"
EndProject
Global
	GlobalSection(SolutionConfigurationPlatforms) = preSolution
		Debug|Any CPU = Debug|Any CPU
		Release|Any CPU = Release|Any CPU
	EndGlobalSection
	GlobalSection(ProjectConfigurationPlatforms) = postSolution
		{F022B78D-FA0C-4B52-842B-F04302F0FD8C}.Debug|Any CPU.ActiveCfg = Debug|Any CPU
		{F022B78D-FA0C-4B52-842B-F04302F0FD8C}.Debug|Any CPU.Build.0 = Debug|Any CPU
		{F022B78D-FA0C-4B52-842B-F04302F0FD8C}.Release|Any CPU.ActiveCfg = Release|Any CPU
		{F022B78D-FA0C-4B52-842B-F04302F0FD8C}.Release|Any CPU.Build.0 = Release|Any CPU
		{C9406CDA-3B24-47B0-86FC-B9F2E598ECAF}.Debug|Any CPU.ActiveCfg = Debug|Any CPU
		{C9406CDA-3B24-47B0-86FC-B9F2E598ECAF}.Debug|Any CPU.Build.0 = Debug|Any CPU
		{C9406CDA-3B24-47B0-86FC-B9F2E598ECAF}.Release|Any CPU.ActiveCfg = Release|Any CPU
		{C9406CDA-3B24-47B0-86FC-B9F2E598ECAF}.Release|Any CPU.Build.0 = Release|Any CPU
		{E58DA8D1-51F4-4C7A-A3A7-9920AB608132}.Debug|Any CPU.ActiveCfg = Debug|Any CPU
		{E58DA8D1-51F4-4C7A-A3A7-9920AB608132}.Debug|Any CPU.Build.0 = Debug|Any CPU
		{E58DA8D1-51F4-4C7A-A3A7-9920AB608132}.Release|Any CPU.ActiveCfg = Release|Any CPU
		{E58DA8D1-51F4-4C7A-A3A7-9920AB608132}.Release|Any CPU.Build.0 = Release|Any CPU
		{5426B8FD-8983-4735-A935-93C755CD715B}.Debug|Any CPU.ActiveCfg = Debug|Any CPU
		{5426B8FD-8983-4735-A935-93C755CD715B}.Debug|Any CPU.Build.0 = Debug|Any CPU
		{5426B8FD-8983-4735-A935-93C755CD715B}.Release|Any CPU.ActiveCfg = Release|Any CPU
		{5426B8FD-8983-4735-A935-93C755CD715B}.Release|Any CPU.Build.0 = Release|Any CPU
		{64A2FD0E-3C3D-4D22-9395-0DFEFCE00A9A}.Debug|Any CPU.ActiveCfg = Debug|Any CPU
		{64A2FD0E-3C3D-4D22-9395-0DFEFCE00A9A}.Debug|Any CPU.Build.0 = Debug|Any CPU
		{64A2FD0E-3C3D-4D22-9395-0DFEFCE00A9A}.Release|Any CPU.ActiveCfg = Release|Any CPU
		{64A2FD0E-3C3D-4D22-9395-0DFEFCE00A9A}.Release|Any CPU.Build.0 = Release|Any CPU
	EndGlobalSection
	GlobalSection(SolutionProperties) = preSolution
		HideSolutionNode = FALSE
	EndGlobalSection
	GlobalSection(ExtensibilityGlobals) = postSolution
		SolutionGuid = {23E71B89-D014-48A8-800F-705109B1BA78}
	EndGlobalSection
EndGlobal
